
Microsoft Visual Studio Solution File, Format Version 12.00
# Visual Studio 15
VisualStudioVersion = 15.0.27130.2010
MinimumVisualStudioVersion = 10.0.40219.1
Project("{FAE04EC0-301F-11D3-BF4B-00C04F79EFBC}") = "BiometricAuthentication.Business", "BiometricAuthentication.Business\BiometricAuthentication.Business.csproj", "{B0506291-A7C6-4510-9902-2425E21FA612}"
EndProject
Project("{FAE04EC0-301F-11D3-BF4B-00C04F79EFBC}") = "BiometricAuthentication.Common", "Common\BiometricAuthentication.Common.csproj", "{49A5DA84-A88D-4E2C-898E-C2D8071DB5CF}"
EndProject
Project("{FAE04EC0-301F-11D3-BF4B-00C04F79EFBC}") = "TesterApplication", "TesterApplication\TesterApplication.csproj", "{A5A2FDF9-235C-4ABB-B458-BDB31763E5E9}"
EndProject
Global
	GlobalSection(SolutionConfigurationPlatforms) = preSolution
		Debug|Any CPU = Debug|Any CPU
		Release|Any CPU = Release|Any CPU
	EndGlobalSection
	GlobalSection(ProjectConfigurationPlatforms) = postSolution
		{B0506291-A7C6-4510-9902-2425E21FA612}.Debug|Any CPU.ActiveCfg = Debug|Any CPU
		{B0506291-A7C6-4510-9902-2425E21FA612}.Debug|Any CPU.Build.0 = Debug|Any CPU
		{B0506291-A7C6-4510-9902-2425E21FA612}.Release|Any CPU.ActiveCfg = Release|Any CPU
		{B0506291-A7C6-4510-9902-2425E21FA612}.Release|Any CPU.Build.0 = Release|Any CPU
		{49A5DA84-A88D-4E2C-898E-C2D8071DB5CF}.Debug|Any CPU.ActiveCfg = Debug|Any CPU
		{49A5DA84-A88D-4E2C-898E-C2D8071DB5CF}.Debug|Any CPU.Build.0 = Debug|Any CPU
		{49A5DA84-A88D-4E2C-898E-C2D8071DB5CF}.Release|Any CPU.ActiveCfg = Release|Any CPU
		{49A5DA84-A88D-4E2C-898E-C2D8071DB5CF}.Release|Any CPU.Build.0 = Release|Any CPU
		{A5A2FDF9-235C-4ABB-B458-BDB31763E5E9}.Debug|Any CPU.ActiveCfg = Debug|Any CPU
		{A5A2FDF9-235C-4ABB-B458-BDB31763E5E9}.Debug|Any CPU.Build.0 = Debug|Any CPU
		{A5A2FDF9-235C-4ABB-B458-BDB31763E5E9}.Release|Any CPU.ActiveCfg = Release|Any CPU
		{A5A2FDF9-235C-4ABB-B458-BDB31763E5E9}.Release|Any CPU.Build.0 = Release|Any CPU
	EndGlobalSection
	GlobalSection(SolutionProperties) = preSolution
		HideSolutionNode = FALSE
	EndGlobalSection
	GlobalSection(ExtensibilityGlobals) = postSolution
		SolutionGuid = {646B57E9-CB37-46B6-A242-A42396A8F87D}
	EndGlobalSection
EndGlobal
